
Microsoft Visual Studio Solution File, Format Version 12.00
# Visual Studio Version 17
VisualStudioVersion = 17.10.35122.118
MinimumVisualStudioVersion = 10.0.40219.1
Project("{FAE04EC0-301F-11D3-BF4B-00C04F79EFBC}") = "LoanApp", "LoanApp.csproj", "{12BA1658-97F6-4033-8DCC-3397AA9C3316}"
EndProject
Global
	GlobalSection(SolutionConfigurationPlatforms) = preSolution
		Debug|Any CPU = Debug|Any CPU
		Release|Any CPU = Release|Any CPU
	EndGlobalSection
	GlobalSection(ProjectConfigurationPlatforms) = postSolution
		{12BA1658-97F6-4033-8DCC-3397AA9C3316}.Debug|Any CPU.ActiveCfg = Debug|Any CPU
		{12BA1658-97F6-4033-8DCC-3397AA9C3316}.Debug|Any CPU.Build.0 = Debug|Any CPU
		{12BA1658-97F6-4033-8DCC-3397AA9C3316}.Release|Any CPU.ActiveCfg = Release|Any CPU
		{12BA1658-97F6-4033-8DCC-3397AA9C3316}.Release|Any CPU.Build.0 = Release|Any CPU
	EndGlobalSection
	GlobalSection(SolutionProperties) = preSolution
		HideSolutionNode = FALSE
	EndGlobalSection
	GlobalSection(ExtensibilityGlobals) = postSolution
		SolutionGuid = {400745D4-A793-4F8D-B347-E336E702A9CB}
	EndGlobalSection
EndGlobal
